
Microsoft Visual Studio Solution File, Format Version 12.00
# Visual Studio Version 16
VisualStudioVersion = 16.0.30717.126
MinimumVisualStudioVersion = 10.0.40219.1
Project("{FAE04EC0-301F-11D3-BF4B-00C04F79EFBC}") = "Test_Process_API", "Test_Process_API\Test_Process_API.csproj", "{101B3D8E-A95E-4533-B792-C1E4C830D3CB}"
EndProject
Project("{FAE04EC0-301F-11D3-BF4B-00C04F79EFBC}") = "Test_Process_Services", "Test_Process_Services\Test_Process_Services.csproj", "{09A152D7-A54B-4704-8973-7357519430E4}"
EndProject
Global
	GlobalSection(SolutionConfigurationPlatforms) = preSolution
		Debug|Any CPU = Debug|Any CPU
		Release|Any CPU = Release|Any CPU
	EndGlobalSection
	GlobalSection(ProjectConfigurationPlatforms) = postSolution
		{101B3D8E-A95E-4533-B792-C1E4C830D3CB}.Debug|Any CPU.ActiveCfg = Debug|Any CPU
		{101B3D8E-A95E-4533-B792-C1E4C830D3CB}.Debug|Any CPU.Build.0 = Debug|Any CPU
		{101B3D8E-A95E-4533-B792-C1E4C830D3CB}.Release|Any CPU.ActiveCfg = Release|Any CPU
		{101B3D8E-A95E-4533-B792-C1E4C830D3CB}.Release|Any CPU.Build.0 = Release|Any CPU
		{09A152D7-A54B-4704-8973-7357519430E4}.Debug|Any CPU.ActiveCfg = Debug|Any CPU
		{09A152D7-A54B-4704-8973-7357519430E4}.Debug|Any CPU.Build.0 = Debug|Any CPU
		{09A152D7-A54B-4704-8973-7357519430E4}.Release|Any CPU.ActiveCfg = Release|Any CPU
		{09A152D7-A54B-4704-8973-7357519430E4}.Release|Any CPU.Build.0 = Release|Any CPU
	EndGlobalSection
	GlobalSection(SolutionProperties) = preSolution
		HideSolutionNode = FALSE
	EndGlobalSection
	GlobalSection(ExtensibilityGlobals) = postSolution
		SolutionGuid = {1969A9BA-B349-4D44-98D5-4CE974B6A6F1}
	EndGlobalSection
EndGlobal
